
Microsoft Visual Studio Solution File, Format Version 12.00
# Visual Studio Version 16
VisualStudioVersion = 16.0.28922.388
MinimumVisualStudioVersion = 10.0.40219.1
Project("{FAE04EC0-301F-11D3-BF4B-00C04F79EFBC}") = "MailSender", "MailSender\MailSender.csproj", "{9C84B469-7A0E-4490-8F82-2C53F29C04C9}"
EndProject
Global
	GlobalSection(SolutionConfigurationPlatforms) = preSolution
		Debug|Any CPU = Debug|Any CPU
		Release|Any CPU = Release|Any CPU
	EndGlobalSection
	GlobalSection(ProjectConfigurationPlatforms) = postSolution
		{9C84B469-7A0E-4490-8F82-2C53F29C04C9}.Debug|Any CPU.ActiveCfg = Debug|Any CPU
		{9C84B469-7A0E-4490-8F82-2C53F29C04C9}.Debug|Any CPU.Build.0 = Debug|Any CPU
		{9C84B469-7A0E-4490-8F82-2C53F29C04C9}.Release|Any CPU.ActiveCfg = Release|Any CPU
		{9C84B469-7A0E-4490-8F82-2C53F29C04C9}.Release|Any CPU.Build.0 = Release|Any CPU
	EndGlobalSection
	GlobalSection(SolutionProperties) = preSolution
		HideSolutionNode = FALSE
	EndGlobalSection
	GlobalSection(ExtensibilityGlobals) = postSolution
		SolutionGuid = {6250761A-E85A-40C8-BCEC-A4AB4C42A1F9}
	EndGlobalSection
EndGlobal
